{
	"name": "tsconfig-to-swcconfig",
	"version": "2.6.0",
	"lockfileVersion": 3,
	"requires": true,
	"packages": {
		"": {
			"name": "tsconfig-to-swcconfig",
			"version": "2.6.0",
			"license": "MIT",
			"dependencies": {
				"@fastify/deepmerge": "^1.3.0",
				"joycon": "^3.1.1",
				"jsonc-parser": "^3.2.0"
			},
			"bin": {
				"t2s": "dist/cli.js",
				"tsconfig-to-swcconfig": "dist/cli.js"
			},
			"devDependencies": {
				"@biomejs/biome": "^1.2.2",
				"@swc/core": "^1.3.89",
				"@tsconfig/node12": "^12.1.0",
				"@types/node": "^20.7.0",
				"@types/source-map-support": "^0.5.8",
				"prettier": "^3.0.3",
				"simple-git-hooks": "^2.9.0",
				"ts-node": "^10.9.1",
				"typescript": "^5.2.2"
			}
		},
		"node_modules/@biomejs/biome": {
			"version": "1.2.2",
			"resolved": "https://registry.npmjs.org/@biomejs/biome/-/biome-1.2.2.tgz",
			"integrity": "sha512-fXwXi56ZdaKO/N3rTmhWw41UxstoviODk+wia4WWNSlm23r8xJ/NxjaZ88scV2IsmsFHqc8rmwb2dkrStAdIEw==",
			"dev": true,
			"hasInstallScript": true,
			"bin": {
				"biome": "bin/biome"
			},
			"engines": {
				"node": ">=14.*"
			},
			"optionalDependencies": {
				"@biomejs/cli-darwin-arm64": "1.2.2",
				"@biomejs/cli-darwin-x64": "1.2.2",
				"@biomejs/cli-linux-arm64": "1.2.2",
				"@biomejs/cli-linux-x64": "1.2.2",
				"@biomejs/cli-win32-arm64": "1.2.2",
				"@biomejs/cli-win32-x64": "1.2.2"
			}
		},
		"node_modules/@biomejs/cli-darwin-arm64": {
			"version": "1.2.2",
			"resolved": "https://registry.npmjs.org/@biomejs/cli-darwin-arm64/-/cli-darwin-arm64-1.2.2.tgz",
			"integrity": "sha512-Fx1IURKhoqH6wPawtKLT6wcfMSjRRcNK8+VWau0iDOjXvNtjJpSmICbU89B7Vt/gZRwPqkfDMBkFwm6V5vFTSQ==",
			"cpu": [
				"arm64"
			],
			"dev": true,
			"optional": true,
			"os": [
				"darwin"
			],
			"engines": {
				"node": ">=14.*"
			}
		},
		"node_modules/@biomejs/cli-darwin-x64": {
			"version": "1.2.2",
			"resolved": "https://registry.npmjs.org/@biomejs/cli-darwin-x64/-/cli-darwin-x64-1.2.2.tgz",
			"integrity": "sha512-JNaAFOI/ZisnmzvcFNd73geJxaFaN2L4YsWM6cgBeKyLY/ycl9C/PBTFfEmeB1c7f5XIIal8P2cj47kLJpN5Ig==",
			"cpu": [
				"x64"
			],
			"dev": true,
			"optional": true,
			"os": [
				"darwin"
			],
			"engines": {
				"node": ">=14.*"
			}
		},
		"node_modules/@biomejs/cli-linux-arm64": {
			"version": "1.2.2",
			"resolved": "https://registry.npmjs.org/@biomejs/cli-linux-arm64/-/cli-linux-arm64-1.2.2.tgz",
			"integrity": "sha512-JHXRnfhOLx8UO/Fcyn2c5pFRri0XKqRZm2wf5oH5GSfLVpckDw2X15dYGbu3nmfM/3pcAaTV46pUpjrCnaAieg==",
			"cpu": [
				"arm64"
			],
			"dev": true,
			"optional": true,
			"os": [
				"linux"
			],
			"engines": {
				"node": ">=14.*"
			}
		},
		"node_modules/@biomejs/cli-linux-x64": {
			"version": "1.2.2",
			"resolved": "https://registry.npmjs.org/@biomejs/cli-linux-x64/-/cli-linux-x64-1.2.2.tgz",
			"integrity": "sha512-5Zr+iM7lUKsw81p9PkXRESuH2/AhRZ6RCWkgE+FSLcxMhXy/4RDR+o2YQDsJM6cWKIzOJM05vDHTGrDq7vXE4A==",
			"cpu": [
				"x64"
			],
			"dev": true,
			"optional": true,
			"os": [
				"linux"
			],
			"engines": {
				"node": ">=14.*"
			}
		},
		"node_modules/@biomejs/cli-win32-arm64": {
			"version": "1.2.2",
			"resolved": "https://registry.npmjs.org/@biomejs/cli-win32-arm64/-/cli-win32-arm64-1.2.2.tgz",
			"integrity": "sha512-HvUcG2p++RvYP0zfOqh+DgiUUH+JI/uETr0kzWlOJ9F3lsG525pkywg4RSd4OvJd7Wpd3wt3UpN/A4IEJaVmbA==",
			"cpu": [
				"arm64"
			],
			"dev": true,
			"optional": true,
			"os": [
				"win32"
			],
			"engines": {
				"node": ">=14.*"
			}
		},
		"node_modules/@biomejs/cli-win32-x64": {
			"version": "1.2.2",
			"resolved": "https://registry.npmjs.org/@biomejs/cli-win32-x64/-/cli-win32-x64-1.2.2.tgz",
			"integrity": "sha512-bfaFJwqJ9ApFga2o88OaROSd3pasYRzRGXHJWAE9VUUKdSNSTYxHOqVrNvV54yYPtL6Kt9xkuZa4HNu9it3TaA==",
			"cpu": [
				"x64"
			],
			"dev": true,
			"optional": true,
			"os": [
				"win32"
			],
			"engines": {
				"node": ">=14.*"
			}
		},
		"node_modules/@cspotcode/source-map-support": {
			"version": "0.8.1",
			"resolved": "https://registry.npmjs.org/@cspotcode/source-map-support/-/source-map-support-0.8.1.tgz",
			"integrity": "sha512-IchNf6dN4tHoMFIn/7OE8LWZ19Y6q/67Bmf6vnGREv8RSbBVb9LPJxEcnwrcwX6ixSvaiGoomAUvu4YSxXrVgw==",
			"dev": true,
			"dependencies": {
				"@jridgewell/trace-mapping": "0.3.9"
			},
			"engines": {
				"node": ">=12"
			}
		},
		"node_modules/@fastify/deepmerge": {
			"version": "1.3.0",
			"resolved": "https://registry.npmjs.org/@fastify/deepmerge/-/deepmerge-1.3.0.tgz",
			"integrity": "sha512-J8TOSBq3SoZbDhM9+R/u77hP93gz/rajSA+K2kGyijPpORPWUXHUpTaleoj+92As0S9uPRP7Oi8IqMf0u+ro6A=="
		},
		"node_modules/@jridgewell/resolve-uri": {
			"version": "3.1.0",
			"resolved": "https://registry.npmjs.org/@jridgewell/resolve-uri/-/resolve-uri-3.1.0.tgz",
			"integrity": "sha512-F2msla3tad+Mfht5cJq7LSXcdudKTWCVYUgw6pLFOOHSTtZlj6SWNYAp+AhuqLmWdBO2X5hPrLcu8cVP8fy28w==",
			"dev": true,
			"engines": {
				"node": ">=6.0.0"
			}
		},
		"node_modules/@jridgewell/sourcemap-codec": {
			"version": "1.4.15",
			"resolved": "https://registry.npmjs.org/@jridgewell/sourcemap-codec/-/sourcemap-codec-1.4.15.tgz",
			"integrity": "sha512-eF2rxCRulEKXHTRiDrDy6erMYWqNw4LPdQ8UQA4huuxaQsVeRPFl2oM8oDGxMFhJUWZf9McpLtJasDDZb/Bpeg==",
			"dev": true
		},
		"node_modules/@jridgewell/trace-mapping": {
			"version": "0.3.9",
			"resolved": "https://registry.npmjs.org/@jridgewell/trace-mapping/-/trace-mapping-0.3.9.tgz",
			"integrity": "sha512-3Belt6tdc8bPgAtbcmdtNJlirVoTmEb5e2gC94PnkwEW9jI6CAHUeoG85tjWP5WquqfavoMtMwiG4P926ZKKuQ==",
			"dev": true,
			"dependencies": {
				"@jridgewell/resolve-uri": "^3.0.3",
				"@jridgewell/sourcemap-codec": "^1.4.10"
			}
		},
		"node_modules/@swc/core": {
			"version": "1.3.89",
			"resolved": "https://registry.npmjs.org/@swc/core/-/core-1.3.89.tgz",
			"integrity": "sha512-+FchWateF57g50ChX6++QQDwgVd6iWZX5HA6m9LRIdJIB56bIqbwRQDwVL3Q8Rlbry4kmw+RxiOW2FjAx9mQOQ==",
			"dev": true,
			"hasInstallScript": true,
			"dependencies": {
				"@swc/counter": "^0.1.1",
				"@swc/types": "^0.1.5"
			},
			"engines": {
				"node": ">=10"
			},
			"funding": {
				"type": "opencollective",
				"url": "https://opencollective.com/swc"
			},
			"optionalDependencies": {
				"@swc/core-darwin-arm64": "1.3.89",
				"@swc/core-darwin-x64": "1.3.89",
				"@swc/core-linux-arm-gnueabihf": "1.3.89",
				"@swc/core-linux-arm64-gnu": "1.3.89",
				"@swc/core-linux-arm64-musl": "1.3.89",
				"@swc/core-linux-x64-gnu": "1.3.89",
				"@swc/core-linux-x64-musl": "1.3.89",
				"@swc/core-win32-arm64-msvc": "1.3.89",
				"@swc/core-win32-ia32-msvc": "1.3.89",
				"@swc/core-win32-x64-msvc": "1.3.89"
			},
			"peerDependencies": {
				"@swc/helpers": "^0.5.0"
			},
			"peerDependenciesMeta": {
				"@swc/helpers": {
					"optional": true
				}
			}
		},
		"node_modules/@swc/core-darwin-arm64": {
			"version": "1.3.89",
			"resolved": "https://registry.npmjs.org/@swc/core-darwin-arm64/-/core-darwin-arm64-1.3.89.tgz",
			"integrity": "sha512-LVCZQ2yGrX2678uMvW66IF1bzcOMqiABi+ioNDnJtAIsE/zRVMEYp1ivbOrH32FmPplBby6CGgJIOT3P4VaP1g==",
			"cpu": [
				"arm64"
			],
			"dev": true,
			"optional": true,
			"os": [
				"darwin"
			],
			"engines": {
				"node": ">=10"
			}
		},
		"node_modules/@swc/core-darwin-x64": {
			"version": "1.3.89",
			"resolved": "https://registry.npmjs.org/@swc/core-darwin-x64/-/core-darwin-x64-1.3.89.tgz",
			"integrity": "sha512-IwKlX65YrPBF3urOxBJia0PjnZeaICnCkSwGLiYyV1RhM8XwZ/XyEDTBEsdph3WxUM5wCZQSk8UY/d0saIsX9w==",
			"cpu": [
				"x64"
			],
			"dev": true,
			"optional": true,
			"os": [
				"darwin"
			],
			"engines": {
				"node": ">=10"
			}
		},
		"node_modules/@swc/core-linux-arm-gnueabihf": {
			"version": "1.3.89",
			"resolved": "https://registry.npmjs.org/@swc/core-linux-arm-gnueabihf/-/core-linux-arm-gnueabihf-1.3.89.tgz",
			"integrity": "sha512-u5qAPh7NkKoDJYwfaB5zuRvzW2+A89CQQHp5xcYjpctRsk3sUrPmC7vNeE12xipBNKLujIG59ppbrf6Pkp5XIg==",
			"cpu": [
				"arm"
			],
			"dev": true,
			"optional": true,
			"os": [
				"linux"
			],
			"engines": {
				"node": ">=10"
			}
		},
		"node_modules/@swc/core-linux-arm64-gnu": {
			"version": "1.3.89",
			"resolved": "https://registry.npmjs.org/@swc/core-linux-arm64-gnu/-/core-linux-arm64-gnu-1.3.89.tgz",
			"integrity": "sha512-eykuO7XtPltk600HvnnRr1nU5qGk7PeqLmztHA7R2bu2SbtcbCGsewPNcAX5eP8by2VwpGcLPdxaKyqeUwCgoA==",
			"cpu": [
				"arm64"
			],
			"dev": true,
			"optional": true,
			"os": [
				"linux"
			],
			"engines": {
				"node": ">=10"
			}
		},
		"node_modules/@swc/core-linux-arm64-musl": {
			"version": "1.3.89",
			"resolved": "https://registry.npmjs.org/@swc/core-linux-arm64-musl/-/core-linux-arm64-musl-1.3.89.tgz",
			"integrity": "sha512-i/65Vt3ljfd6EyR+WWZ5aAjZLTQMIHoR+Ay97jE0kysRn8MEOINu0SWyiEwcdXzRGlt+zkrKYfOxp745sWPDAw==",
			"cpu": [
				"arm64"
			],
			"dev": true,
			"optional": true,
			"os": [
				"linux"
			],
			"engines": {
				"node": ">=10"
			}
		},
		"node_modules/@swc/core-linux-x64-gnu": {
			"version": "1.3.89",
			"resolved": "https://registry.npmjs.org/@swc/core-linux-x64-gnu/-/core-linux-x64-gnu-1.3.89.tgz",
			"integrity": "sha512-ERETXe68CJRdNkL3EIN62gErh3p6+/6hmz4C0epnYJ4F7QspdW/EOluL1o9bl4dux4Xz0nmBPSZsqfHq/nl1KA==",
			"cpu": [
				"x64"
			],
			"dev": true,
			"optional": true,
			"os": [
				"linux"
			],
			"engines": {
				"node": ">=10"
			}
		},
		"node_modules/@swc/core-linux-x64-musl": {
			"version": "1.3.89",
			"resolved": "https://registry.npmjs.org/@swc/core-linux-x64-musl/-/core-linux-x64-musl-1.3.89.tgz",
			"integrity": "sha512-EXiwgU5E/yC5zuJtOXXWv+wMwpe5DR380XhVxIOBG6nFi6MR3O2X37KxeEdQZX8RwN7/KU6kNHeifzEiSvixfA==",
			"cpu": [
				"x64"
			],
			"dev": true,
			"optional": true,
			"os": [
				"linux"
			],
			"engines": {
				"node": ">=10"
			}
		},
		"node_modules/@swc/core-win32-arm64-msvc": {
			"version": "1.3.89",
			"resolved": "https://registry.npmjs.org/@swc/core-win32-arm64-msvc/-/core-win32-arm64-msvc-1.3.89.tgz",
			"integrity": "sha512-j7GvkgeOrZlB55MpEwX+6E6KjxwOmwRXpIqMjF11JDIZ0wEwHlBxZhlnQQ58iuI6jL6AJgDH/ktDhMyELoBiHw==",
			"cpu": [
				"arm64"
			],
			"dev": true,
			"optional": true,
			"os": [
				"win32"
			],
			"engines": {
				"node": ">=10"
			}
		},
		"node_modules/@swc/core-win32-ia32-msvc": {
			"version": "1.3.89",
			"resolved": "https://registry.npmjs.org/@swc/core-win32-ia32-msvc/-/core-win32-ia32-msvc-1.3.89.tgz",
			"integrity": "sha512-n57nE7d3FXBa3Y2+VoJdPulcUAS0ZGAGVGxFpeM/tZt1MBEN5OvpOSOIp35dK5HAAxAzTPlmqj9KUYnVxLMVKw==",
			"cpu": [
				"ia32"
			],
			"dev": true,
			"optional": true,
			"os": [
				"win32"
			],
			"engines": {
				"node": ">=10"
			}
		},
		"node_modules/@swc/core-win32-x64-msvc": {
			"version": "1.3.89",
			"resolved": "https://registry.npmjs.org/@swc/core-win32-x64-msvc/-/core-win32-x64-msvc-1.3.89.tgz",
			"integrity": "sha512-6yMAmqgseAwEXFIwurP7CL8yIH8n7/Rg62ooOVSLSWL5O/Pwlpy1WrpoA0eKhgMLLkIrPvNuKaE/rG7c2iNQHA==",
			"cpu": [
				"x64"
			],
			"dev": true,
			"optional": true,
			"os": [
				"win32"
			],
			"engines": {
				"node": ">=10"
			}
		},
		"node_modules/@swc/counter": {
			"version": "0.1.1",
			"resolved": "https://registry.npmjs.org/@swc/counter/-/counter-0.1.1.tgz",
			"integrity": "sha512-xVRaR4u9hcYjFvcSg71Lz5Bo4//CyjAAfMxa7UsaDSYxAshflUkVJWiyVWrfxC59z2kP1IzI4/1BEpnhI9o3Mw==",
			"dev": true
		},
		"node_modules/@swc/types": {
			"version": "0.1.5",
			"resolved": "https://registry.npmjs.org/@swc/types/-/types-0.1.5.tgz",
			"integrity": "sha512-myfUej5naTBWnqOCc/MdVOLVjXUXtIA+NpDrDBKJtLLg2shUjBu3cZmB/85RyitKc55+lUUyl7oRfLOvkr2hsw==",
			"dev": true
		},
		"node_modules/@tsconfig/node10": {
			"version": "1.0.8",
			"resolved": "https://registry.npmjs.org/@tsconfig/node10/-/node10-1.0.8.tgz",
			"integrity": "sha512-6XFfSQmMgq0CFLY1MslA/CPUfhIL919M1rMsa5lP2P097N2Wd1sSX0tx1u4olM16fLNhtHZpRhedZJphNJqmZg==",
			"dev": true
		},
		"node_modules/@tsconfig/node12": {
			"version": "12.1.0",
			"resolved": "https://registry.npmjs.org/@tsconfig/node12/-/node12-12.1.0.tgz",
			"integrity": "sha512-kdeyUs2jy6iHVq8H27ymIE1a/ci7LjEw9VvXtvP8FKr0QptiEoM30oPy8XFfcWiPdcd2VzYdCGMYwow+K+guXA==",
			"dev": true
		},
		"node_modules/@tsconfig/node14": {
			"version": "1.0.1",
			"resolved": "https://registry.npmjs.org/@tsconfig/node14/-/node14-1.0.1.tgz",
			"integrity": "sha512-509r2+yARFfHHE7T6Puu2jjkoycftovhXRqW328PDXTVGKihlb1P8Z9mMZH04ebyajfRY7dedfGynlrFHJUQCg==",
			"dev": true
		},
		"node_modules/@tsconfig/node16": {
			"version": "1.0.2",
			"resolved": "https://registry.npmjs.org/@tsconfig/node16/-/node16-1.0.2.tgz",
			"integrity": "sha512-eZxlbI8GZscaGS7kkc/trHTT5xgrjH3/1n2JDwusC9iahPKWMRvRjJSAN5mCXviuTGQ/lHnhvv8Q1YTpnfz9gA==",
			"dev": true
		},
		"node_modules/@types/node": {
			"version": "20.7.0",
			"resolved": "https://registry.npmjs.org/@types/node/-/node-20.7.0.tgz",
			"integrity": "sha512-zI22/pJW2wUZOVyguFaUL1HABdmSVxpXrzIqkjsHmyUjNhPoWM1CKfvVuXfetHhIok4RY573cqS0mZ1SJEnoTg==",
			"dev": true
		},
		"node_modules/@types/source-map-support": {
			"version": "0.5.8",
			"resolved": "https://registry.npmjs.org/@types/source-map-support/-/source-map-support-0.5.8.tgz",
			"integrity": "sha512-u5nwLcaENciDwebPwwZb2AM1LvdlgFQfqCKxWQxcgNsQhUQciGuUnJ2LjGFAkInY2APXQzIypiUSa9zB6Epddg==",
			"dev": true,
			"dependencies": {
				"source-map": "^0.6.0"
			}
		},
		"node_modules/acorn": {
			"version": "8.10.0",
			"resolved": "https://registry.npmjs.org/acorn/-/acorn-8.10.0.tgz",
			"integrity": "sha512-F0SAmZ8iUtS//m8DmCTA0jlh6TDKkHQyK6xc6V4KDTyZKA9dnvX9/3sRTVQrWm79glUAZbnmmNcdYwUIHWVybw==",
			"dev": true,
			"bin": {
				"acorn": "bin/acorn"
			},
			"engines": {
				"node": ">=0.4.0"
			}
		},
		"node_modules/acorn-walk": {
			"version": "8.2.0",
			"resolved": "https://registry.npmjs.org/acorn-walk/-/acorn-walk-8.2.0.tgz",
			"integrity": "sha512-k+iyHEuPgSw6SbuDpGQM+06HQUa04DZ3o+F6CSzXMvvI5KMvnaEqXe+YVe555R9nn6GPt404fos4wcgpw12SDA==",
			"dev": true,
			"engines": {
				"node": ">=0.4.0"
			}
		},
		"node_modules/arg": {
			"version": "4.1.3",
			"resolved": "https://registry.npmjs.org/arg/-/arg-4.1.3.tgz",
			"integrity": "sha512-58S9QDqG0Xx27YwPSt9fJxivjYl432YCwfDMfZ+71RAqUrZef7LrKQZ3LHLOwCS4FLNBplP533Zx895SeOCHvA==",
			"dev": true
		},
		"node_modules/create-require": {
			"version": "1.1.1",
			"resolved": "https://registry.npmjs.org/create-require/-/create-require-1.1.1.tgz",
			"integrity": "sha512-dcKFX3jn0MpIaXjisoRvexIJVEKzaq7z2rZKxf+MSr9TkdmHmsU4m2lcLojrj/FHl8mk5VxMmYA+ftRkP/3oKQ==",
			"dev": true
		},
		"node_modules/diff": {
			"version": "4.0.2",
			"resolved": "https://registry.npmjs.org/diff/-/diff-4.0.2.tgz",
			"integrity": "sha512-58lmxKSA4BNyLz+HHMUzlOEpg09FV+ev6ZMe3vJihgdxzgcwZ8VoEEPmALCZG9LmqfVoNMMKpttIYTVG6uDY7A==",
			"dev": true,
			"engines": {
				"node": ">=0.3.1"
			}
		},
		"node_modules/joycon": {
			"version": "3.1.1",
			"resolved": "https://registry.npmjs.org/joycon/-/joycon-3.1.1.tgz",
			"integrity": "sha512-34wB/Y7MW7bzjKRjUKTa46I2Z7eV62Rkhva+KkopW7Qvv/OSWBqvkSY7vusOPrNuZcUG3tApvdVgNB8POj3SPw==",
			"engines": {
				"node": ">=10"
			}
		},
		"node_modules/jsonc-parser": {
			"version": "3.2.0",
			"resolved": "https://registry.npmjs.org/jsonc-parser/-/jsonc-parser-3.2.0.tgz",
			"integrity": "sha512-gfFQZrcTc8CnKXp6Y4/CBT3fTc0OVuDofpre4aEeEpSBPV5X5v4+Vmx+8snU7RLPrNHPKSgLxGo9YuQzz20o+w=="
		},
		"node_modules/make-error": {
			"version": "1.3.6",
			"resolved": "https://registry.npmjs.org/make-error/-/make-error-1.3.6.tgz",
			"integrity": "sha512-s8UhlNe7vPKomQhC1qFelMokr/Sc3AgNbso3n74mVPA5LTZwkB9NlXf4XPamLxJE8h0gh73rM94xvwRT2CVInw==",
			"dev": true
		},
		"node_modules/prettier": {
			"version": "3.0.3",
			"resolved": "https://registry.npmjs.org/prettier/-/prettier-3.0.3.tgz",
			"integrity": "sha512-L/4pUDMxcNa8R/EthV08Zt42WBO4h1rarVtK0K+QJG0X187OLo7l699jWw0GKuwzkPQ//jMFA/8Xm6Fh3J/DAg==",
			"dev": true,
			"bin": {
				"prettier": "bin/prettier.cjs"
			},
			"engines": {
				"node": ">=14"
			},
			"funding": {
				"url": "https://github.com/prettier/prettier?sponsor=1"
			}
		},
		"node_modules/simple-git-hooks": {
			"version": "2.9.0",
			"resolved": "https://registry.npmjs.org/simple-git-hooks/-/simple-git-hooks-2.9.0.tgz",
			"integrity": "sha512-waSQ5paUQtyGC0ZxlHmcMmD9I1rRXauikBwX31bX58l5vTOhCEcBC5Bi+ZDkPXTjDnZAF8TbCqKBY+9+sVPScw==",
			"dev": true,
			"hasInstallScript": true,
			"bin": {
				"simple-git-hooks": "cli.js"
			}
		},
		"node_modules/source-map": {
			"version": "0.6.1",
			"resolved": "https://registry.npmjs.org/source-map/-/source-map-0.6.1.tgz",
			"integrity": "sha512-UjgapumWlbMhkBgzT7Ykc5YXUT46F0iKu8SGXq0bcwP5dz/h0Plj6enJqjz1Zbq2l5WaqYnrVbwWOWMyF3F47g==",
			"dev": true,
			"engines": {
				"node": ">=0.10.0"
			}
		},
		"node_modules/ts-node": {
			"version": "10.9.1",
			"resolved": "https://registry.npmjs.org/ts-node/-/ts-node-10.9.1.tgz",
			"integrity": "sha512-NtVysVPkxxrwFGUUxGYhfux8k78pQB3JqYBXlLRZgdGUqTO5wU/UyHop5p70iEbGhB7q5KmiZiU0Y3KlJrScEw==",
			"dev": true,
			"dependencies": {
				"@cspotcode/source-map-support": "^0.8.0",
				"@tsconfig/node10": "^1.0.7",
				"@tsconfig/node12": "^1.0.7",
				"@tsconfig/node14": "^1.0.0",
				"@tsconfig/node16": "^1.0.2",
				"acorn": "^8.4.1",
				"acorn-walk": "^8.1.1",
				"arg": "^4.1.0",
				"create-require": "^1.1.0",
				"diff": "^4.0.1",
				"make-error": "^1.1.1",
				"v8-compile-cache-lib": "^3.0.1",
				"yn": "3.1.1"
			},
			"bin": {
				"ts-node": "dist/bin.js",
				"ts-node-cwd": "dist/bin-cwd.js",
				"ts-node-esm": "dist/bin-esm.js",
				"ts-node-script": "dist/bin-script.js",
				"ts-node-transpile-only": "dist/bin-transpile.js",
				"ts-script": "dist/bin-script-deprecated.js"
			},
			"peerDependencies": {
				"@swc/core": ">=1.2.50",
				"@swc/wasm": ">=1.2.50",
				"@types/node": "*",
				"typescript": ">=2.7"
			},
			"peerDependenciesMeta": {
				"@swc/core": {
					"optional": true
				},
				"@swc/wasm": {
					"optional": true
				}
			}
		},
		"node_modules/ts-node/node_modules/@tsconfig/node12": {
			"version": "1.0.11",
			"resolved": "https://registry.npmjs.org/@tsconfig/node12/-/node12-1.0.11.tgz",
			"integrity": "sha512-cqefuRsh12pWyGsIoBKJA9luFu3mRxCA+ORZvA4ktLSzIuCUtWVxGIuXigEwO5/ywWFMZ2QEGKWvkZG1zDMTag==",
			"dev": true
		},
		"node_modules/typescript": {
			"version": "5.2.2",
			"resolved": "https://registry.npmjs.org/typescript/-/typescript-5.2.2.tgz",
			"integrity": "sha512-mI4WrpHsbCIcwT9cF4FZvr80QUeKvsUsUvKDoR+X/7XHQH98xYD8YHZg7ANtz2GtZt/CBq2QJ0thkGJMHfqc1w==",
			"dev": true,
			"bin": {
				"tsc": "bin/tsc",
				"tsserver": "bin/tsserver"
			},
			"engines": {
				"node": ">=14.17"
			}
		},
		"node_modules/v8-compile-cache-lib": {
			"version": "3.0.1",
			"resolved": "https://registry.npmjs.org/v8-compile-cache-lib/-/v8-compile-cache-lib-3.0.1.tgz",
			"integrity": "sha512-wa7YjyUGfNZngI/vtK0UHAN+lgDCxBPCylVXGp0zu59Fz5aiGtNXaq3DhIov063MorB+VfufLh3JlF2KdTK3xg==",
			"dev": true
		},
		"node_modules/yn": {
			"version": "3.1.1",
			"resolved": "https://registry.npmjs.org/yn/-/yn-3.1.1.tgz",
			"integrity": "sha512-Ux4ygGWsu2c7isFWe8Yu1YluJmqVhxqK2cLXNQA5AcC3QfbGNpM7fu0Y8b/z16pXLnFxZYvWhd3fhBY9DLmC6Q==",
			"dev": true,
			"engines": {
				"node": ">=6"
			}
		}
	}
}
