{
	"name": "tsconfig-to-swcconfig",
	"version": "2.8.1",
	"lockfileVersion": 3,
	"requires": true,
	"packages": {
		"": {
			"name": "tsconfig-to-swcconfig",
			"version": "2.8.1",
			"license": "MIT",
			"dependencies": {
				"@fastify/deepmerge": "^1.3.0",
				"get-tsconfig": "^4.7.2"
			},
			"bin": {
				"t2s": "dist/cli.js",
				"tsconfig-to-swcconfig": "dist/cli.js"
			},
			"devDependencies": {
				"@biomejs/biome": "^1.2.2",
				"@swc/core": "^1.3.89",
				"@tsconfig/node12": "^12.1.0",
				"@types/node": "^20.7.0",
				"@types/source-map-support": "^0.5.8",
				"simple-git-hooks": "^2.9.0",
				"typescript": "^5.2.2"
			}
		},
		"node_modules/@biomejs/biome": {
			"version": "1.2.2",
			"resolved": "https://registry.npmjs.org/@biomejs/biome/-/biome-1.2.2.tgz",
			"integrity": "sha512-fXwXi56ZdaKO/N3rTmhWw41UxstoviODk+wia4WWNSlm23r8xJ/NxjaZ88scV2IsmsFHqc8rmwb2dkrStAdIEw==",
			"dev": true,
			"hasInstallScript": true,
			"bin": {
				"biome": "bin/biome"
			},
			"engines": {
				"node": ">=14.*"
			},
			"optionalDependencies": {
				"@biomejs/cli-darwin-arm64": "1.2.2",
				"@biomejs/cli-darwin-x64": "1.2.2",
				"@biomejs/cli-linux-arm64": "1.2.2",
				"@biomejs/cli-linux-x64": "1.2.2",
				"@biomejs/cli-win32-arm64": "1.2.2",
				"@biomejs/cli-win32-x64": "1.2.2"
			}
		},
		"node_modules/@biomejs/cli-darwin-arm64": {
			"version": "1.2.2",
			"resolved": "https://registry.npmjs.org/@biomejs/cli-darwin-arm64/-/cli-darwin-arm64-1.2.2.tgz",
			"integrity": "sha512-Fx1IURKhoqH6wPawtKLT6wcfMSjRRcNK8+VWau0iDOjXvNtjJpSmICbU89B7Vt/gZRwPqkfDMBkFwm6V5vFTSQ==",
			"cpu": [
				"arm64"
			],
			"dev": true,
			"optional": true,
			"os": [
				"darwin"
			],
			"engines": {
				"node": ">=14.*"
			}
		},
		"node_modules/@biomejs/cli-darwin-x64": {
			"version": "1.2.2",
			"resolved": "https://registry.npmjs.org/@biomejs/cli-darwin-x64/-/cli-darwin-x64-1.2.2.tgz",
			"integrity": "sha512-JNaAFOI/ZisnmzvcFNd73geJxaFaN2L4YsWM6cgBeKyLY/ycl9C/PBTFfEmeB1c7f5XIIal8P2cj47kLJpN5Ig==",
			"cpu": [
				"x64"
			],
			"dev": true,
			"optional": true,
			"os": [
				"darwin"
			],
			"engines": {
				"node": ">=14.*"
			}
		},
		"node_modules/@biomejs/cli-linux-arm64": {
			"version": "1.2.2",
			"resolved": "https://registry.npmjs.org/@biomejs/cli-linux-arm64/-/cli-linux-arm64-1.2.2.tgz",
			"integrity": "sha512-JHXRnfhOLx8UO/Fcyn2c5pFRri0XKqRZm2wf5oH5GSfLVpckDw2X15dYGbu3nmfM/3pcAaTV46pUpjrCnaAieg==",
			"cpu": [
				"arm64"
			],
			"dev": true,
			"optional": true,
			"os": [
				"linux"
			],
			"engines": {
				"node": ">=14.*"
			}
		},
		"node_modules/@biomejs/cli-linux-x64": {
			"version": "1.2.2",
			"resolved": "https://registry.npmjs.org/@biomejs/cli-linux-x64/-/cli-linux-x64-1.2.2.tgz",
			"integrity": "sha512-5Zr+iM7lUKsw81p9PkXRESuH2/AhRZ6RCWkgE+FSLcxMhXy/4RDR+o2YQDsJM6cWKIzOJM05vDHTGrDq7vXE4A==",
			"cpu": [
				"x64"
			],
			"dev": true,
			"optional": true,
			"os": [
				"linux"
			],
			"engines": {
				"node": ">=14.*"
			}
		},
		"node_modules/@biomejs/cli-win32-arm64": {
			"version": "1.2.2",
			"resolved": "https://registry.npmjs.org/@biomejs/cli-win32-arm64/-/cli-win32-arm64-1.2.2.tgz",
			"integrity": "sha512-HvUcG2p++RvYP0zfOqh+DgiUUH+JI/uETr0kzWlOJ9F3lsG525pkywg4RSd4OvJd7Wpd3wt3UpN/A4IEJaVmbA==",
			"cpu": [
				"arm64"
			],
			"dev": true,
			"optional": true,
			"os": [
				"win32"
			],
			"engines": {
				"node": ">=14.*"
			}
		},
		"node_modules/@biomejs/cli-win32-x64": {
			"version": "1.2.2",
			"resolved": "https://registry.npmjs.org/@biomejs/cli-win32-x64/-/cli-win32-x64-1.2.2.tgz",
			"integrity": "sha512-bfaFJwqJ9ApFga2o88OaROSd3pasYRzRGXHJWAE9VUUKdSNSTYxHOqVrNvV54yYPtL6Kt9xkuZa4HNu9it3TaA==",
			"cpu": [
				"x64"
			],
			"dev": true,
			"optional": true,
			"os": [
				"win32"
			],
			"engines": {
				"node": ">=14.*"
			}
		},
		"node_modules/@fastify/deepmerge": {
			"version": "1.3.0",
			"resolved": "https://registry.npmjs.org/@fastify/deepmerge/-/deepmerge-1.3.0.tgz",
			"integrity": "sha512-J8TOSBq3SoZbDhM9+R/u77hP93gz/rajSA+K2kGyijPpORPWUXHUpTaleoj+92As0S9uPRP7Oi8IqMf0u+ro6A=="
		},
		"node_modules/@swc/core": {
			"version": "1.3.89",
			"resolved": "https://registry.npmjs.org/@swc/core/-/core-1.3.89.tgz",
			"integrity": "sha512-+FchWateF57g50ChX6++QQDwgVd6iWZX5HA6m9LRIdJIB56bIqbwRQDwVL3Q8Rlbry4kmw+RxiOW2FjAx9mQOQ==",
			"dev": true,
			"hasInstallScript": true,
			"dependencies": {
				"@swc/counter": "^0.1.1",
				"@swc/types": "^0.1.5"
			},
			"engines": {
				"node": ">=10"
			},
			"funding": {
				"type": "opencollective",
				"url": "https://opencollective.com/swc"
			},
			"optionalDependencies": {
				"@swc/core-darwin-arm64": "1.3.89",
				"@swc/core-darwin-x64": "1.3.89",
				"@swc/core-linux-arm-gnueabihf": "1.3.89",
				"@swc/core-linux-arm64-gnu": "1.3.89",
				"@swc/core-linux-arm64-musl": "1.3.89",
				"@swc/core-linux-x64-gnu": "1.3.89",
				"@swc/core-linux-x64-musl": "1.3.89",
				"@swc/core-win32-arm64-msvc": "1.3.89",
				"@swc/core-win32-ia32-msvc": "1.3.89",
				"@swc/core-win32-x64-msvc": "1.3.89"
			},
			"peerDependencies": {
				"@swc/helpers": "^0.5.0"
			},
			"peerDependenciesMeta": {
				"@swc/helpers": {
					"optional": true
				}
			}
		},
		"node_modules/@swc/core-darwin-arm64": {
			"version": "1.3.89",
			"resolved": "https://registry.npmjs.org/@swc/core-darwin-arm64/-/core-darwin-arm64-1.3.89.tgz",
			"integrity": "sha512-LVCZQ2yGrX2678uMvW66IF1bzcOMqiABi+ioNDnJtAIsE/zRVMEYp1ivbOrH32FmPplBby6CGgJIOT3P4VaP1g==",
			"cpu": [
				"arm64"
			],
			"dev": true,
			"optional": true,
			"os": [
				"darwin"
			],
			"engines": {
				"node": ">=10"
			}
		},
		"node_modules/@swc/core-darwin-x64": {
			"version": "1.3.89",
			"resolved": "https://registry.npmjs.org/@swc/core-darwin-x64/-/core-darwin-x64-1.3.89.tgz",
			"integrity": "sha512-IwKlX65YrPBF3urOxBJia0PjnZeaICnCkSwGLiYyV1RhM8XwZ/XyEDTBEsdph3WxUM5wCZQSk8UY/d0saIsX9w==",
			"cpu": [
				"x64"
			],
			"dev": true,
			"optional": true,
			"os": [
				"darwin"
			],
			"engines": {
				"node": ">=10"
			}
		},
		"node_modules/@swc/core-linux-arm-gnueabihf": {
			"version": "1.3.89",
			"resolved": "https://registry.npmjs.org/@swc/core-linux-arm-gnueabihf/-/core-linux-arm-gnueabihf-1.3.89.tgz",
			"integrity": "sha512-u5qAPh7NkKoDJYwfaB5zuRvzW2+A89CQQHp5xcYjpctRsk3sUrPmC7vNeE12xipBNKLujIG59ppbrf6Pkp5XIg==",
			"cpu": [
				"arm"
			],
			"dev": true,
			"optional": true,
			"os": [
				"linux"
			],
			"engines": {
				"node": ">=10"
			}
		},
		"node_modules/@swc/core-linux-arm64-gnu": {
			"version": "1.3.89",
			"resolved": "https://registry.npmjs.org/@swc/core-linux-arm64-gnu/-/core-linux-arm64-gnu-1.3.89.tgz",
			"integrity": "sha512-eykuO7XtPltk600HvnnRr1nU5qGk7PeqLmztHA7R2bu2SbtcbCGsewPNcAX5eP8by2VwpGcLPdxaKyqeUwCgoA==",
			"cpu": [
				"arm64"
			],
			"dev": true,
			"optional": true,
			"os": [
				"linux"
			],
			"engines": {
				"node": ">=10"
			}
		},
		"node_modules/@swc/core-linux-arm64-musl": {
			"version": "1.3.89",
			"resolved": "https://registry.npmjs.org/@swc/core-linux-arm64-musl/-/core-linux-arm64-musl-1.3.89.tgz",
			"integrity": "sha512-i/65Vt3ljfd6EyR+WWZ5aAjZLTQMIHoR+Ay97jE0kysRn8MEOINu0SWyiEwcdXzRGlt+zkrKYfOxp745sWPDAw==",
			"cpu": [
				"arm64"
			],
			"dev": true,
			"optional": true,
			"os": [
				"linux"
			],
			"engines": {
				"node": ">=10"
			}
		},
		"node_modules/@swc/core-linux-x64-gnu": {
			"version": "1.3.89",
			"resolved": "https://registry.npmjs.org/@swc/core-linux-x64-gnu/-/core-linux-x64-gnu-1.3.89.tgz",
			"integrity": "sha512-ERETXe68CJRdNkL3EIN62gErh3p6+/6hmz4C0epnYJ4F7QspdW/EOluL1o9bl4dux4Xz0nmBPSZsqfHq/nl1KA==",
			"cpu": [
				"x64"
			],
			"dev": true,
			"optional": true,
			"os": [
				"linux"
			],
			"engines": {
				"node": ">=10"
			}
		},
		"node_modules/@swc/core-linux-x64-musl": {
			"version": "1.3.89",
			"resolved": "https://registry.npmjs.org/@swc/core-linux-x64-musl/-/core-linux-x64-musl-1.3.89.tgz",
			"integrity": "sha512-EXiwgU5E/yC5zuJtOXXWv+wMwpe5DR380XhVxIOBG6nFi6MR3O2X37KxeEdQZX8RwN7/KU6kNHeifzEiSvixfA==",
			"cpu": [
				"x64"
			],
			"dev": true,
			"optional": true,
			"os": [
				"linux"
			],
			"engines": {
				"node": ">=10"
			}
		},
		"node_modules/@swc/core-win32-arm64-msvc": {
			"version": "1.3.89",
			"resolved": "https://registry.npmjs.org/@swc/core-win32-arm64-msvc/-/core-win32-arm64-msvc-1.3.89.tgz",
			"integrity": "sha512-j7GvkgeOrZlB55MpEwX+6E6KjxwOmwRXpIqMjF11JDIZ0wEwHlBxZhlnQQ58iuI6jL6AJgDH/ktDhMyELoBiHw==",
			"cpu": [
				"arm64"
			],
			"dev": true,
			"optional": true,
			"os": [
				"win32"
			],
			"engines": {
				"node": ">=10"
			}
		},
		"node_modules/@swc/core-win32-ia32-msvc": {
			"version": "1.3.89",
			"resolved": "https://registry.npmjs.org/@swc/core-win32-ia32-msvc/-/core-win32-ia32-msvc-1.3.89.tgz",
			"integrity": "sha512-n57nE7d3FXBa3Y2+VoJdPulcUAS0ZGAGVGxFpeM/tZt1MBEN5OvpOSOIp35dK5HAAxAzTPlmqj9KUYnVxLMVKw==",
			"cpu": [
				"ia32"
			],
			"dev": true,
			"optional": true,
			"os": [
				"win32"
			],
			"engines": {
				"node": ">=10"
			}
		},
		"node_modules/@swc/core-win32-x64-msvc": {
			"version": "1.3.89",
			"resolved": "https://registry.npmjs.org/@swc/core-win32-x64-msvc/-/core-win32-x64-msvc-1.3.89.tgz",
			"integrity": "sha512-6yMAmqgseAwEXFIwurP7CL8yIH8n7/Rg62ooOVSLSWL5O/Pwlpy1WrpoA0eKhgMLLkIrPvNuKaE/rG7c2iNQHA==",
			"cpu": [
				"x64"
			],
			"dev": true,
			"optional": true,
			"os": [
				"win32"
			],
			"engines": {
				"node": ">=10"
			}
		},
		"node_modules/@swc/counter": {
			"version": "0.1.1",
			"resolved": "https://registry.npmjs.org/@swc/counter/-/counter-0.1.1.tgz",
			"integrity": "sha512-xVRaR4u9hcYjFvcSg71Lz5Bo4//CyjAAfMxa7UsaDSYxAshflUkVJWiyVWrfxC59z2kP1IzI4/1BEpnhI9o3Mw==",
			"dev": true
		},
		"node_modules/@swc/types": {
			"version": "0.1.5",
			"resolved": "https://registry.npmjs.org/@swc/types/-/types-0.1.5.tgz",
			"integrity": "sha512-myfUej5naTBWnqOCc/MdVOLVjXUXtIA+NpDrDBKJtLLg2shUjBu3cZmB/85RyitKc55+lUUyl7oRfLOvkr2hsw==",
			"dev": true
		},
		"node_modules/@tsconfig/node12": {
			"version": "12.1.0",
			"resolved": "https://registry.npmjs.org/@tsconfig/node12/-/node12-12.1.0.tgz",
			"integrity": "sha512-kdeyUs2jy6iHVq8H27ymIE1a/ci7LjEw9VvXtvP8FKr0QptiEoM30oPy8XFfcWiPdcd2VzYdCGMYwow+K+guXA==",
			"dev": true
		},
		"node_modules/@types/node": {
			"version": "20.7.0",
			"resolved": "https://registry.npmjs.org/@types/node/-/node-20.7.0.tgz",
			"integrity": "sha512-zI22/pJW2wUZOVyguFaUL1HABdmSVxpXrzIqkjsHmyUjNhPoWM1CKfvVuXfetHhIok4RY573cqS0mZ1SJEnoTg==",
			"dev": true
		},
		"node_modules/@types/source-map-support": {
			"version": "0.5.8",
			"resolved": "https://registry.npmjs.org/@types/source-map-support/-/source-map-support-0.5.8.tgz",
			"integrity": "sha512-u5nwLcaENciDwebPwwZb2AM1LvdlgFQfqCKxWQxcgNsQhUQciGuUnJ2LjGFAkInY2APXQzIypiUSa9zB6Epddg==",
			"dev": true,
			"dependencies": {
				"source-map": "^0.6.0"
			}
		},
		"node_modules/get-tsconfig": {
			"version": "4.7.2",
			"resolved": "https://registry.npmjs.org/get-tsconfig/-/get-tsconfig-4.7.2.tgz",
			"integrity": "sha512-wuMsz4leaj5hbGgg4IvDU0bqJagpftG5l5cXIAvo8uZrqn0NJqwtfupTN00VnkQJPcIRrxYrm1Ue24btpCha2A==",
			"dependencies": {
				"resolve-pkg-maps": "^1.0.0"
			},
			"funding": {
				"url": "https://github.com/privatenumber/get-tsconfig?sponsor=1"
			}
		},
		"node_modules/resolve-pkg-maps": {
			"version": "1.0.0",
			"resolved": "https://registry.npmjs.org/resolve-pkg-maps/-/resolve-pkg-maps-1.0.0.tgz",
			"integrity": "sha512-seS2Tj26TBVOC2NIc2rOe2y2ZO7efxITtLZcGSOnHHNOQ7CkiUBfw0Iw2ck6xkIhPwLhKNLS8BO+hEpngQlqzw==",
			"funding": {
				"url": "https://github.com/privatenumber/resolve-pkg-maps?sponsor=1"
			}
		},
		"node_modules/simple-git-hooks": {
			"version": "2.9.0",
			"resolved": "https://registry.npmjs.org/simple-git-hooks/-/simple-git-hooks-2.9.0.tgz",
			"integrity": "sha512-waSQ5paUQtyGC0ZxlHmcMmD9I1rRXauikBwX31bX58l5vTOhCEcBC5Bi+ZDkPXTjDnZAF8TbCqKBY+9+sVPScw==",
			"dev": true,
			"hasInstallScript": true,
			"bin": {
				"simple-git-hooks": "cli.js"
			}
		},
		"node_modules/source-map": {
			"version": "0.6.1",
			"resolved": "https://registry.npmjs.org/source-map/-/source-map-0.6.1.tgz",
			"integrity": "sha512-UjgapumWlbMhkBgzT7Ykc5YXUT46F0iKu8SGXq0bcwP5dz/h0Plj6enJqjz1Zbq2l5WaqYnrVbwWOWMyF3F47g==",
			"dev": true,
			"engines": {
				"node": ">=0.10.0"
			}
		},
		"node_modules/typescript": {
			"version": "5.2.2",
			"resolved": "https://registry.npmjs.org/typescript/-/typescript-5.2.2.tgz",
			"integrity": "sha512-mI4WrpHsbCIcwT9cF4FZvr80QUeKvsUsUvKDoR+X/7XHQH98xYD8YHZg7ANtz2GtZt/CBq2QJ0thkGJMHfqc1w==",
			"dev": true,
			"bin": {
				"tsc": "bin/tsc",
				"tsserver": "bin/tsserver"
			},
			"engines": {
				"node": ">=14.17"
			}
		}
	}
}
